<?xml version="1.0" encoding="utf-8"?>
<Project ToolsVersion="4.0" xmlns="http://schemas.microsoft.com/developer/msbuild/2003">
  <ItemGroup>
    <Filter Include="Source Files">
      <UniqueIdentifier>{4FC737F1-C7A5-4376-A066-2A32D752A2FF}</UniqueIdentifier>
      <Extensions>cpp;c;cc;cxx;def;odl;idl;hpj;bat;asm;asmx</Extensions>
    </Filter>
    <Filter Include="Header Files">
      <UniqueIdentifier>{93995380-89BD-4b04-88EB-625FBE52EBFB}</UniqueIdentifier>
      <Extensions>h;hpp;hxx;hm;inl;inc;xsd</Extensions>
    </Filter>
    <Filter Include="Resource Files">
      <UniqueIdentifier>{67DA6AB6-F800-4c08-8B7A-83BB121AAD01}</UniqueIdentifier>
      <Extensions>rc;ico;cur;bmp;dlg;rc2;rct;bin;rgs;gif;jpg;jpeg;jpe;resx;tiff;tif;png;wav;mfcribbon-ms</Extensions>
    </Filter>
  </ItemGroup>
  <ItemGroup>
    <Text Include="ReadMe.txt" />
  </ItemGroup>
  <ItemGroup>
    <ClCompile Include="DataComm.cpp">
      <Filter>Source Files</Filter>
    </ClCompile>
    <ClCompile Include="..\initACKNACK.cpp">
      <Filter>Source Files</Filter>
    </ClCompile>
    <ClCompile Include="..\PrintCommand.cpp">
      <Filter>Source Files</Filter>
    </ClCompile>
    <ClCompile Include="..\CheckAlarmAndTimeBytes.cpp">
      <Filter>Source Files</Filter>
    </ClCompile>
    <ClCompile Include="..\ParseCommand.cpp">
      <Filter>Source Files</Filter>
    </ClCompile>
    <ClCompile Include="..\ConsolidateCommands.cpp">
      <Filter>Source Files</Filter>
    </ClCompile>
    <ClCompile Include="..\ValidateBytesOfPacket.cpp">
      <Filter>Source Files</Filter>
    </ClCompile>
  </ItemGroup>
  <ItemGroup>
    <ClInclude Include="c:\Program Files (x86)\Microsoft Visual Studio 11.0\VC\include\stdio.h">
      <Filter>Header Files</Filter>
    </ClInclude>
    <ClInclude Include="c:\Program Files (x86)\Windows Kits\8.0\Include\um\Windows.h">
      <Filter>Header Files</Filter>
    </ClInclude>
    <ClInclude Include="C:\Program Files\Microsoft SDKs\Windows\v7.1\Include\ws2bth.h">
      <Filter>Header Files</Filter>
    </ClInclude>
    <ClInclude Include="C:\Program Files\Microsoft SDKs\Windows\v7.1\Include\BluetoothAPIs.h">
      <Filter>Header Files</Filter>
    </ClInclude>
    <ClInclude Include="c:\Program Files (x86)\Microsoft Visual Studio 11.0\VC\include\stdlib.h">
      <Filter>Header Files</Filter>
    </ClInclude>
    <ClInclude Include="c:\Program Files (x86)\Microsoft Visual Studio 11.0\VC\include\conio.h">
      <Filter>Header Files</Filter>
    </ClInclude>
    <ClInclude Include="C:\Program Files\Microsoft SDKs\Windows\v7.1\Include\WinSock2.h">
      <Filter>Header Files</Filter>
    </ClInclude>
    <ClInclude Include="c:\Program Files (x86)\Windows Kits\8.0\Include\um\fileapi.h">
      <Filter>Header Files</Filter>
    </ClInclude>
    <ClInclude Include="..\user_defined_functions.h">
      <Filter>Header Files</Filter>
    </ClInclude>
  </ItemGroup>
  <ItemGroup>
    <Library Include="C:\Program Files (x86)\Microsoft SDKs\Windows\v7.1A\Lib\bthprops.lib" />
    <Library Include="C:\Program Files (x86)\Microsoft SDKs\Windows\v7.1A\Lib\WS2_32.Lib" />
  </ItemGroup>
</Project>